// !$*UTF8*$!
{
	archiveVersion = 1;
	classes = {
	};
	objectVersion = 46;
	objects = {

/* Begin PBXBuildFile section */
		B36CB4F31F857296004271F8 /* main.m in Sources */ = {isa = PBXBuildFile; fileRef = B36CB4F21F857296004271F8 /* main.m */; };
		B36CB4F61F857296004271F8 /* AppDelegate.m in Sources */ = {isa = PBXBuildFile; fileRef = B36CB4F51F857296004271F8 /* AppDelegate.m */; };
		B36CB4F91F857296004271F8 /* ViewController.m in Sources */ = {isa = PBXBuildFile; fileRef = B36CB4F81F857296004271F8 /* ViewController.m */; };
		B36CB4FC1F857296004271F8 /* Main.storyboard in Resources */ = {isa = PBXBuildFile; fileRef = B36CB4FA1F857296004271F8 /* Main.storyboard */; };
		B36CB4FE1F857296004271F8 /* Assets.xcassets in Resources */ = {isa = PBXBuildFile; fileRef = B36CB4FD1F857296004271F8 /* Assets.xcassets */; };
		B36CB50C1F857296004271F8 /* TrippoTests.m in Sources */ = {isa = PBXBuildFile; fileRef = B36CB50B1F857296004271F8 /* TrippoTests.m */; };
		B36CB5171F857296004271F8 /* TrippoUITests.m in Sources */ = {isa = PBXBuildFile; fileRef = B36CB5161F857296004271F8 /* TrippoUITests.m */; };
		B36CB52C1F8572A7004271F8 /* ShareViewController.m in Sources */ = {isa = PBXBuildFile; fileRef = B36CB52B1F8572A7004271F8 /* ShareViewController.m */; };
		B36CB52F1F8572A7004271F8 /* MainInterface.storyboard in Resources */ = {isa = PBXBuildFile; fileRef = B36CB52D1F8572A7004271F8 /* MainInterface.storyboard */; };
		B36CB5331F8572A7004271F8 /* TrippoShare.appex in Embed App Extensions */ = {isa = PBXBuildFile; fileRef = B36CB5281F8572A7004271F8 /* TrippoShare.appex */; settings = {ATTRIBUTES = (RemoveHeadersOnCopy, ); }; };
		B3D1D2DA1F86CFF000EA12FD /* Default.png in Resources */ = {isa = PBXBuildFile; fileRef = B3D1D2D91F86CFF000EA12FD /* Default.png */; };
/* End PBXBuildFile section */

/* Begin PBXContainerItemProxy section */
		B36CB5081F857296004271F8 /* PBXContainerItemProxy */ = {
			isa = PBXContainerItemProxy;
			containerPortal = B36CB4E61F857296004271F8 /* Project object */;
			proxyType = 1;
			remoteGlobalIDString = B36CB4ED1F857296004271F8;
			remoteInfo = Trippo;
		};
		B36CB5131F857296004271F8 /* PBXContainerItemProxy */ = {
			isa = PBXContainerItemProxy;
			containerPortal = B36CB4E61F857296004271F8 /* Project object */;
			proxyType = 1;
			remoteGlobalIDString = B36CB4ED1F857296004271F8;
			remoteInfo = Trippo;
		};
		B36CB5311F8572A7004271F8 /* PBXContainerItemProxy */ = {
			isa = PBXContainerItemProxy;
			containerPortal = B36CB4E61F857296004271F8 /* Project object */;
			proxyType = 1;
			remoteGlobalIDString = B36CB5271F8572A7004271F8;
			remoteInfo = TrippoShare;
		};
/* End PBXContainerItemProxy section */

/* Begin PBXCopyFilesBuildPhase section */
		B36CB5371F8572A7004271F8 /* Embed App Extensions */ = {
			isa = PBXCopyFilesBuildPhase;
			buildActionMask = 2147483647;
			dstPath = "";
			dstSubfolderSpec = 13;
			files = (
				B36CB5331F8572A7004271F8 /* TrippoShare.appex in Embed App Extensions */,
			);
			name = "Embed App Extensions";
			runOnlyForDeploymentPostprocessing = 0;
		};
/* End PBXCopyFilesBuildPhase section */

/* Begin PBXFileReference section */
		B36CB4EE1F857296004271F8 /* Trippo.app */ = {isa = PBXFileReference; explicitFileType = wrapper.application; includeInIndex = 0; path = Trippo.app; sourceTree = BUILT_PRODUCTS_DIR; };
		B36CB4F21F857296004271F8 /* main.m */ = {isa = PBXFileReference; lastKnownFileType = sourcecode.c.objc; path = main.m; sourceTree = "<group>"; };
		B36CB4F41F857296004271F8 /* AppDelegate.h */ = {isa = PBXFileReference; lastKnownFileType = sourcecode.c.h; path = AppDelegate.h; sourceTree = "<group>"; };
		B36CB4F51F857296004271F8 /* AppDelegate.m */ = {isa = PBXFileReference; lastKnownFileType = sourcecode.c.objc; path = AppDelegate.m; sourceTree = "<group>"; };
		B36CB4F71F857296004271F8 /* ViewController.h */ = {isa = PBXFileReference; lastKnownFileType = sourcecode.c.h; path = ViewController.h; sourceTree = "<group>"; };
		B36CB4F81F857296004271F8 /* ViewController.m */ = {isa = PBXFileReference; lastKnownFileType = sourcecode.c.objc; path = ViewController.m; sourceTree = "<group>"; };
		B36CB4FB1F857296004271F8 /* Base */ = {isa = PBXFileReference; lastKnownFileType = file.storyboard; name = Base; path = Base.lproj/Main.storyboard; sourceTree = "<group>"; };
		B36CB4FD1F857296004271F8 /* Assets.xcassets */ = {isa = PBXFileReference; lastKnownFileType = folder.assetcatalog; path = Assets.xcassets; sourceTree = "<group>"; };
		B36CB5021F857296004271F8 /* Info.plist */ = {isa = PBXFileReference; lastKnownFileType = text.plist.xml; path = Info.plist; sourceTree = "<group>"; };
		B36CB5071F857296004271F8 /* TrippoTests.xctest */ = {isa = PBXFileReference; explicitFileType = wrapper.cfbundle; includeInIndex = 0; path = TrippoTests.xctest; sourceTree = BUILT_PRODUCTS_DIR; };
		B36CB50B1F857296004271F8 /* TrippoTests.m */ = {isa = PBXFileReference; lastKnownFileType = sourcecode.c.objc; path = TrippoTests.m; sourceTree = "<group>"; };
		B36CB50D1F857296004271F8 /* Info.plist */ = {isa = PBXFileReference; lastKnownFileType = text.plist.xml; path = Info.plist; sourceTree = "<group>"; };
		B36CB5121F857296004271F8 /* TrippoUITests.xctest */ = {isa = PBXFileReference; explicitFileType = wrapper.cfbundle; includeInIndex = 0; path = TrippoUITests.xctest; sourceTree = BUILT_PRODUCTS_DIR; };
		B36CB5161F857296004271F8 /* TrippoUITests.m */ = {isa = PBXFileReference; lastKnownFileType = sourcecode.c.objc; path = TrippoUITests.m; sourceTree = "<group>"; };
		B36CB5181F857296004271F8 /* Info.plist */ = {isa = PBXFileReference; lastKnownFileType = text.plist.xml; path = Info.plist; sourceTree = "<group>"; };
		B36CB5281F8572A7004271F8 /* TrippoShare.appex */ = {isa = PBXFileReference; explicitFileType = "wrapper.app-extension"; includeInIndex = 0; path = TrippoShare.appex; sourceTree = BUILT_PRODUCTS_DIR; };
		B36CB52A1F8572A7004271F8 /* ShareViewController.h */ = {isa = PBXFileReference; lastKnownFileType = sourcecode.c.h; path = ShareViewController.h; sourceTree = "<group>"; };
		B36CB52B1F8572A7004271F8 /* ShareViewController.m */ = {isa = PBXFileReference; lastKnownFileType = sourcecode.c.objc; path = ShareViewController.m; sourceTree = "<group>"; };
		B36CB52E1F8572A7004271F8 /* Base */ = {isa = PBXFileReference; lastKnownFileType = file.storyboard; name = Base; path = Base.lproj/MainInterface.storyboard; sourceTree = "<group>"; };
		B36CB5301F8572A7004271F8 /* Info.plist */ = {isa = PBXFileReference; lastKnownFileType = text.plist.xml; path = Info.plist; sourceTree = "<group>"; };
		B36CB5381F8574D2004271F8 /* TrippoShare.entitlements */ = {isa = PBXFileReference; lastKnownFileType = text.plist.entitlements; path = TrippoShare.entitlements; sourceTree = "<group>"; };
		B36CB5391F86ABE5004271F8 /* Trippo.entitlements */ = {isa = PBXFileReference; lastKnownFileType = text.plist.entitlements; path = Trippo.entitlements; sourceTree = "<group>"; };
		B3D1D2D91F86CFF000EA12FD /* Default.png */ = {isa = PBXFileReference; lastKnownFileType = image.png; path = Default.png; sourceTree = "<group>"; };
/* End PBXFileReference section */

/* Begin PBXFrameworksBuildPhase section */
		B36CB4EB1F857296004271F8 /* Frameworks */ = {
			isa = PBXFrameworksBuildPhase;
			buildActionMask = 2147483647;
			files = (
			);
			runOnlyForDeploymentPostprocessing = 0;
		};
		B36CB5041F857296004271F8 /* Frameworks */ = {
			isa = PBXFrameworksBuildPhase;
			buildActionMask = 2147483647;
			files = (
			);
			runOnlyForDeploymentPostprocessing = 0;
		};
		B36CB50F1F857296004271F8 /* Frameworks */ = {
			isa = PBXFrameworksBuildPhase;
			buildActionMask = 2147483647;
			files = (
			);
			runOnlyForDeploymentPostprocessing = 0;
		};
		B36CB5251F8572A7004271F8 /* Frameworks */ = {
			isa = PBXFrameworksBuildPhase;
			buildActionMask = 2147483647;
			files = (
			);
			runOnlyForDeploymentPostprocessing = 0;
		};
/* End PBXFrameworksBuildPhase section */

/* Begin PBXGroup section */
		B36CB4E51F857296004271F8 = {
			isa = PBXGroup;
			children = (
				B36CB4F01F857296004271F8 /* Trippo */,
				B36CB50A1F857296004271F8 /* TrippoTests */,
				B36CB5151F857296004271F8 /* TrippoUITests */,
				B36CB5291F8572A7004271F8 /* TrippoShare */,
				B36CB4EF1F857296004271F8 /* Products */,
			);
			sourceTree = "<group>";
		};
		B36CB4EF1F857296004271F8 /* Products */ = {
			isa = PBXGroup;
			children = (
				B36CB4EE1F857296004271F8 /* Trippo.app */,
				B36CB5071F857296004271F8 /* TrippoTests.xctest */,
				B36CB5121F857296004271F8 /* TrippoUITests.xctest */,
				B36CB5281F8572A7004271F8 /* TrippoShare.appex */,
			);
			name = Products;
			sourceTree = "<group>";
		};
		B36CB4F01F857296004271F8 /* Trippo */ = {
			isa = PBXGroup;
			children = (
				B3D1D2D91F86CFF000EA12FD /* Default.png */,
				B36CB5391F86ABE5004271F8 /* Trippo.entitlements */,
				B36CB4F41F857296004271F8 /* AppDelegate.h */,
				B36CB4F51F857296004271F8 /* AppDelegate.m */,
				B36CB4F71F857296004271F8 /* ViewController.h */,
				B36CB4F81F857296004271F8 /* ViewController.m */,
				B36CB4FA1F857296004271F8 /* Main.storyboard */,
				B36CB4FD1F857296004271F8 /* Assets.xcassets */,
				B36CB5021F857296004271F8 /* Info.plist */,
				B36CB4F11F857296004271F8 /* Supporting Files */,
			);
			path = Trippo;
			sourceTree = "<group>";
		};
		B36CB4F11F857296004271F8 /* Supporting Files */ = {
			isa = PBXGroup;
			children = (
				B36CB4F21F857296004271F8 /* main.m */,
			);
			name = "Supporting Files";
			sourceTree = "<group>";
		};
		B36CB50A1F857296004271F8 /* TrippoTests */ = {
			isa = PBXGroup;
			children = (
				B36CB50B1F857296004271F8 /* TrippoTests.m */,
				B36CB50D1F857296004271F8 /* Info.plist */,
			);
			path = TrippoTests;
			sourceTree = "<group>";
		};
		B36CB5151F857296004271F8 /* TrippoUITests */ = {
			isa = PBXGroup;
			children = (
				B36CB5161F857296004271F8 /* TrippoUITests.m */,
				B36CB5181F857296004271F8 /* Info.plist */,
			);
			path = TrippoUITests;
			sourceTree = "<group>";
		};
		B36CB5291F8572A7004271F8 /* TrippoShare */ = {
			isa = PBXGroup;
			children = (
				B36CB5381F8574D2004271F8 /* TrippoShare.entitlements */,
				B36CB52A1F8572A7004271F8 /* ShareViewController.h */,
				B36CB52B1F8572A7004271F8 /* ShareViewController.m */,
				B36CB52D1F8572A7004271F8 /* MainInterface.storyboard */,
				B36CB5301F8572A7004271F8 /* Info.plist */,
			);
			path = TrippoShare;
			sourceTree = "<group>";
		};
/* End PBXGroup section */

/* Begin PBXNativeTarget section */
		B36CB4ED1F857296004271F8 /* Trippo */ = {
			isa = PBXNativeTarget;
			buildConfigurationList = B36CB51B1F857296004271F8 /* Build configuration list for PBXNativeTarget "Trippo" */;
			buildPhases = (
				B36CB4EA1F857296004271F8 /* Sources */,
				B36CB4EB1F857296004271F8 /* Frameworks */,
				B36CB4EC1F857296004271F8 /* Resources */,
				B36CB5371F8572A7004271F8 /* Embed App Extensions */,
			);
			buildRules = (
			);
			dependencies = (
				B36CB5321F8572A7004271F8 /* PBXTargetDependency */,
			);
			name = Trippo;
			productName = Trippo;
			productReference = B36CB4EE1F857296004271F8 /* Trippo.app */;
			productType = "com.apple.product-type.application";
		};
		B36CB5061F857296004271F8 /* TrippoTests */ = {
			isa = PBXNativeTarget;
			buildConfigurationList = B36CB51E1F857296004271F8 /* Build configuration list for PBXNativeTarget "TrippoTests" */;
			buildPhases = (
				B36CB5031F857296004271F8 /* Sources */,
				B36CB5041F857296004271F8 /* Frameworks */,
				B36CB5051F857296004271F8 /* Resources */,
			);
			buildRules = (
			);
			dependencies = (
				B36CB5091F857296004271F8 /* PBXTargetDependency */,
			);
			name = TrippoTests;
			productName = TrippoTests;
			productReference = B36CB5071F857296004271F8 /* TrippoTests.xctest */;
			productType = "com.apple.product-type.bundle.unit-test";
		};
		B36CB5111F857296004271F8 /* TrippoUITests */ = {
			isa = PBXNativeTarget;
			buildConfigurationList = B36CB5211F857296004271F8 /* Build configuration list for PBXNativeTarget "TrippoUITests" */;
			buildPhases = (
				B36CB50E1F857296004271F8 /* Sources */,
				B36CB50F1F857296004271F8 /* Frameworks */,
				B36CB5101F857296004271F8 /* Resources */,
			);
			buildRules = (
			);
			dependencies = (
				B36CB5141F857296004271F8 /* PBXTargetDependency */,
			);
			name = TrippoUITests;
			productName = TrippoUITests;
			productReference = B36CB5121F857296004271F8 /* TrippoUITests.xctest */;
			productType = "com.apple.product-type.bundle.ui-testing";
		};
		B36CB5271F8572A7004271F8 /* TrippoShare */ = {
			isa = PBXNativeTarget;
			buildConfigurationList = B36CB5341F8572A7004271F8 /* Build configuration list for PBXNativeTarget "TrippoShare" */;
			buildPhases = (
				B36CB5241F8572A7004271F8 /* Sources */,
				B36CB5251F8572A7004271F8 /* Frameworks */,
				B36CB5261F8572A7004271F8 /* Resources */,
			);
			buildRules = (
			);
			dependencies = (
			);
			name = TrippoShare;
			productName = TrippoShare;
			productReference = B36CB5281F8572A7004271F8 /* TrippoShare.appex */;
			productType = "com.apple.product-type.app-extension";
		};
/* End PBXNativeTarget section */

/* Begin PBXProject section */
		B36CB4E61F857296004271F8 /* Project object */ = {
			isa = PBXProject;
			attributes = {
				LastUpgradeCheck = 0820;
				ORGANIZATIONNAME = "Siwei Kang";
				TargetAttributes = {
					B36CB4ED1F857296004271F8 = {
						CreatedOnToolsVersion = 8.2.1;
						DevelopmentTeam = 822FCFLMN8;
						ProvisioningStyle = Automatic;
						SystemCapabilities = {
							com.apple.ApplicationGroups.iOS = {
								enabled = 1;
							};
						};
					};
					B36CB5061F857296004271F8 = {
						CreatedOnToolsVersion = 8.2.1;
						ProvisioningStyle = Automatic;
						TestTargetID = B36CB4ED1F857296004271F8;
					};
					B36CB5111F857296004271F8 = {
						CreatedOnToolsVersion = 8.2.1;
						ProvisioningStyle = Automatic;
						TestTargetID = B36CB4ED1F857296004271F8;
					};
					B36CB5271F8572A7004271F8 = {
						CreatedOnToolsVersion = 8.2.1;
						DevelopmentTeam = 822FCFLMN8;
						ProvisioningStyle = Automatic;
						SystemCapabilities = {
							com.apple.ApplicationGroups.iOS = {
								enabled = 1;
							};
						};
					};
				};
			};
			buildConfigurationList = B36CB4E91F857296004271F8 /* Build configuration list for PBXProject "Trippo" */;
			compatibilityVersion = "Xcode 3.2";
			developmentRegion = English;
			hasScannedForEncodings = 0;
			knownRegions = (
				en,
				Base,
			);
			mainGroup = B36CB4E51F857296004271F8;
			productRefGroup = B36CB4EF1F857296004271F8 /* Products */;
			projectDirPath = "";
			projectRoot = "";
			targets = (
				B36CB4ED1F857296004271F8 /* Trippo */,
				B36CB5061F857296004271F8 /* TrippoTests */,
				B36CB5111F857296004271F8 /* TrippoUITests */,
				B36CB5271F8572A7004271F8 /* TrippoShare */,
			);
		};
/* End PBXProject section */

/* Begin PBXResourcesBuildPhase section */
		B36CB4EC1F857296004271F8 /* Resources */ = {
			isa = PBXResourcesBuildPhase;
			buildActionMask = 2147483647;
			files = (
				B36CB4FE1F857296004271F8 /* Assets.xcassets in Resources */,
				B36CB4FC1F857296004271F8 /* Main.storyboard in Resources */,
				B3D1D2DA1F86CFF000EA12FD /* Default.png in Resources */,
			);
			runOnlyForDeploymentPostprocessing = 0;
		};
		B36CB5051F857296004271F8 /* Resources */ = {
			isa = PBXResourcesBuildPhase;
			buildActionMask = 2147483647;
			files = (
			);
			runOnlyForDeploymentPostprocessing = 0;
		};
		B36CB5101F857296004271F8 /* Resources */ = {
			isa = PBXResourcesBuildPhase;
			buildActionMask = 2147483647;
			files = (
			);
			runOnlyForDeploymentPostprocessing = 0;
		};
		B36CB5261F8572A7004271F8 /* Resources */ = {
			isa = PBXResourcesBuildPhase;
			buildActionMask = 2147483647;
			files = (
				B36CB52F1F8572A7004271F8 /* MainInterface.storyboard in Resources */,
			);
			runOnlyForDeploymentPostprocessing = 0;
		};
/* End PBXResourcesBuildPhase section */

/* Begin PBXSourcesBuildPhase section */
		B36CB4EA1F857296004271F8 /* Sources */ = {
			isa = PBXSourcesBuildPhase;
			buildActionMask = 2147483647;
			files = (
				B36CB4F91F857296004271F8 /* ViewController.m in Sources */,
				B36CB4F61F857296004271F8 /* AppDelegate.m in Sources */,
				B36CB4F31F857296004271F8 /* main.m in Sources */,
			);
			runOnlyForDeploymentPostprocessing = 0;
		};
		B36CB5031F857296004271F8 /* Sources */ = {
			isa = PBXSourcesBuildPhase;
			buildActionMask = 2147483647;
			files = (
				B36CB50C1F857296004271F8 /* TrippoTests.m in Sources */,
			);
			runOnlyForDeploymentPostprocessing = 0;
		};
		B36CB50E1F857296004271F8 /* Sources */ = {
			isa = PBXSourcesBuildPhase;
			buildActionMask = 2147483647;
			files = (
				B36CB5171F857296004271F8 /* TrippoUITests.m in Sources */,
			);
			runOnlyForDeploymentPostprocessing = 0;
		};
		B36CB5241F8572A7004271F8 /* Sources */ = {
			isa = PBXSourcesBuildPhase;
			buildActionMask = 2147483647;
			files = (
				B36CB52C1F8572A7004271F8 /* ShareViewController.m in Sources */,
			);
			runOnlyForDeploymentPostprocessing = 0;
		};
/* End PBXSourcesBuildPhase section */

/* Begin PBXTargetDependency section */
		B36CB5091F857296004271F8 /* PBXTargetDependency */ = {
			isa = PBXTargetDependency;
			target = B36CB4ED1F857296004271F8 /* Trippo */;
			targetProxy = B36CB5081F857296004271F8 /* PBXContainerItemProxy */;
		};
		B36CB5141F857296004271F8 /* PBXTargetDependency */ = {
			isa = PBXTargetDependency;
			target = B36CB4ED1F857296004271F8 /* Trippo */;
			targetProxy = B36CB5131F857296004271F8 /* PBXContainerItemProxy */;
		};
		B36CB5321F8572A7004271F8 /* PBXTargetDependency */ = {
			isa = PBXTargetDependency;
			target = B36CB5271F8572A7004271F8 /* TrippoShare */;
			targetProxy = B36CB5311F8572A7004271F8 /* PBXContainerItemProxy */;
		};
/* End PBXTargetDependency section */

/* Begin PBXVariantGroup section */
		B36CB4FA1F857296004271F8 /* Main.storyboard */ = {
			isa = PBXVariantGroup;
			children = (
				B36CB4FB1F857296004271F8 /* Base */,
			);
			name = Main.storyboard;
			sourceTree = "<group>";
		};
		B36CB52D1F8572A7004271F8 /* MainInterface.storyboard */ = {
			isa = PBXVariantGroup;
			children = (
				B36CB52E1F8572A7004271F8 /* Base */,
			);
			name = MainInterface.storyboard;
			sourceTree = "<group>";
		};
/* End PBXVariantGroup section */

/* Begin XCBuildConfiguration section */
		B36CB5191F857296004271F8 /* Debug */ = {
			isa = XCBuildConfiguration;
			buildSettings = {
				ALWAYS_SEARCH_USER_PATHS = NO;
				CLANG_ANALYZER_NONNULL = YES;
				CLANG_CXX_LANGUAGE_STANDARD = "gnu++0x";
				CLANG_CXX_LIBRARY = "libc++";
				CLANG_ENABLE_MODULES = YES;
				CLANG_ENABLE_OBJC_ARC = YES;
				CLANG_WARN_BOOL_CONVERSION = YES;
				CLANG_WARN_CONSTANT_CONVERSION = YES;
				CLANG_WARN_DIRECT_OBJC_ISA_USAGE = YES_ERROR;
				CLANG_WARN_DOCUMENTATION_COMMENTS = YES;
				CLANG_WARN_EMPTY_BODY = YES;
				CLANG_WARN_ENUM_CONVERSION = YES;
				CLANG_WARN_INFINITE_RECURSION = YES;
				CLANG_WARN_INT_CONVERSION = YES;
				CLANG_WARN_OBJC_ROOT_CLASS = YES_ERROR;
				CLANG_WARN_SUSPICIOUS_MOVE = YES;
				CLANG_WARN_UNREACHABLE_CODE = YES;
				CLANG_WARN__DUPLICATE_METHOD_MATCH = YES;
				"CODE_SIGN_IDENTITY[sdk=iphoneos*]" = "iPhone Developer";
				COPY_PHASE_STRIP = NO;
				DEBUG_INFORMATION_FORMAT = dwarf;
				ENABLE_STRICT_OBJC_MSGSEND = YES;
				ENABLE_TESTABILITY = YES;
				GCC_C_LANGUAGE_STANDARD = gnu99;
				GCC_DYNAMIC_NO_PIC = NO;
				GCC_NO_COMMON_BLOCKS = YES;
				GCC_OPTIMIZATION_LEVEL = 0;
				GCC_PREPROCESSOR_DEFINITIONS = (
					"DEBUG=1",
					"$(inherited)",
				);
				GCC_WARN_64_TO_32_BIT_CONVERSION = YES;
				GCC_WARN_ABOUT_RETURN_TYPE = YES_ERROR;
				GCC_WARN_UNDECLARED_SELECTOR = YES;
				GCC_WARN_UNINITIALIZED_AUTOS = YES_AGGRESSIVE;
				GCC_WARN_UNUSED_FUNCTION = YES;
				GCC_WARN_UNUSED_VARIABLE = YES;
				IPHONEOS_DEPLOYMENT_TARGET = 10.2;
				MTL_ENABLE_DEBUG_INFO = YES;
				ONLY_ACTIVE_ARCH = YES;
				SDKROOT = iphoneos;
				TARGETED_DEVICE_FAMILY = "1,2";
			};
			name = Debug;
		};
		B36CB51A1F857296004271F8 /* Release */ = {
			isa = XCBuildConfiguration;
			buildSettings = {
				ALWAYS_SEARCH_USER_PATHS = NO;
				CLANG_ANALYZER_NONNULL = YES;
				CLANG_CXX_LANGUAGE_STANDARD = "gnu++0x";
				CLANG_CXX_LIBRARY = "libc++";
				CLANG_ENABLE_MODULES = YES;
				CLANG_ENABLE_OBJC_ARC = YES;
				CLANG_WARN_BOOL_CONVERSION = YES;
				CLANG_WARN_CONSTANT_CONVERSION = YES;
				CLANG_WARN_DIRECT_OBJC_ISA_USAGE = YES_ERROR;
				CLANG_WARN_DOCUMENTATION_COMMENTS = YES;
				CLANG_WARN_EMPTY_BODY = YES;
				CLANG_WARN_ENUM_CONVERSION = YES;
				CLANG_WARN_INFINITE_RECURSION = YES;
				CLANG_WARN_INT_CONVERSION = YES;
				CLANG_WARN_OBJC_ROOT_CLASS = YES_ERROR;
				CLANG_WARN_SUSPICIOUS_MOVE = YES;
				CLANG_WARN_UNREACHABLE_CODE = YES;
				CLANG_WARN__DUPLICATE_METHOD_MATCH = YES;
				"CODE_SIGN_IDENTITY[sdk=iphoneos*]" = "iPhone Developer";
				COPY_PHASE_STRIP = NO;
				DEBUG_INFORMATION_FORMAT = "dwarf-with-dsym";
				ENABLE_NS_ASSERTIONS = NO;
				ENABLE_STRICT_OBJC_MSGSEND = YES;
				GCC_C_LANGUAGE_STANDARD = gnu99;
				GCC_NO_COMMON_BLOCKS = YES;
				GCC_WARN_64_TO_32_BIT_CONVERSION = YES;
				GCC_WARN_ABOUT_RETURN_TYPE = YES_ERROR;
				GCC_WARN_UNDECLARED_SELECTOR = YES;
				GCC_WARN_UNINITIALIZED_AUTOS = YES_AGGRESSIVE;
				GCC_WARN_UNUSED_FUNCTION = YES;
				GCC_WARN_UNUSED_VARIABLE = YES;
				IPHONEOS_DEPLOYMENT_TARGET = 10.2;
				MTL_ENABLE_DEBUG_INFO = NO;
				SDKROOT = iphoneos;
				TARGETED_DEVICE_FAMILY = "1,2";
				VALIDATE_PRODUCT = YES;
			};
			name = Release;
		};
		B36CB51C1F857296004271F8 /* Debug */ = {
			isa = XCBuildConfiguration;
			buildSettings = {
				ASSETCATALOG_COMPILER_APPICON_NAME = AppIcon;
				CODE_SIGN_ENTITLEMENTS = Trippo/Trippo.entitlements;
				DEVELOPMENT_TEAM = 822FCFLMN8;
				INFOPLIST_FILE = Trippo/Info.plist;
				LD_RUNPATH_SEARCH_PATHS = "$(inherited) @executable_path/Frameworks";
				PRODUCT_BUNDLE_IDENTIFIER = siweikang.Trippo;
				PRODUCT_NAME = "$(TARGET_NAME)";
			};
			name = Debug;
		};
		B36CB51D1F857296004271F8 /* Release */ = {
			isa = XCBuildConfiguration;
			buildSettings = {
				ASSETCATALOG_COMPILER_APPICON_NAME = AppIcon;
				CODE_SIGN_ENTITLEMENTS = Trippo/Trippo.entitlements;
				DEVELOPMENT_TEAM = 822FCFLMN8;
				INFOPLIST_FILE = Trippo/Info.plist;
				LD_RUNPATH_SEARCH_PATHS = "$(inherited) @executable_path/Frameworks";
				PRODUCT_BUNDLE_IDENTIFIER = siweikang.Trippo;
				PRODUCT_NAME = "$(TARGET_NAME)";
			};
			name = Release;
		};
		B36CB51F1F857296004271F8 /* Debug */ = {
			isa = XCBuildConfiguration;
			buildSettings = {
				BUNDLE_LOADER = "$(TEST_HOST)";
				INFOPLIST_FILE = TrippoTests/Info.plist;
				LD_RUNPATH_SEARCH_PATHS = "$(inherited) @executable_path/Frameworks @loader_path/Frameworks";
				PRODUCT_BUNDLE_IDENTIFIER = siweikang.TrippoTests;
				PRODUCT_NAME = "$(TARGET_NAME)";
				TEST_HOST = "$(BUILT_PRODUCTS_DIR)/Trippo.app/Trippo";
			};
			name = Debug;
		};
		B36CB5201F857296004271F8 /* Release */ = {
			isa = XCBuildConfiguration;
			buildSettings = {
				BUNDLE_LOADER = "$(TEST_HOST)";
				INFOPLIST_FILE = TrippoTests/Info.plist;
				LD_RUNPATH_SEARCH_PATHS = "$(inherited) @executable_path/Frameworks @loader_path/Frameworks";
				PRODUCT_BUNDLE_IDENTIFIER = siweikang.TrippoTests;
				PRODUCT_NAME = "$(TARGET_NAME)";
				TEST_HOST = "$(BUILT_PRODUCTS_DIR)/Trippo.app/Trippo";
			};
			name = Release;
		};
		B36CB5221F857296004271F8 /* Debug */ = {
			isa = XCBuildConfiguration;
			buildSettings = {
				INFOPLIST_FILE = TrippoUITests/Info.plist;
				LD_RUNPATH_SEARCH_PATHS = "$(inherited) @executable_path/Frameworks @loader_path/Frameworks";
				PRODUCT_BUNDLE_IDENTIFIER = siweikang.TrippoUITests;
				PRODUCT_NAME = "$(TARGET_NAME)";
				TEST_TARGET_NAME = Trippo;
			};
			name = Debug;
		};
		B36CB5231F857296004271F8 /* Release */ = {
			isa = XCBuildConfiguration;
			buildSettings = {
				INFOPLIST_FILE = TrippoUITests/Info.plist;
				LD_RUNPATH_SEARCH_PATHS = "$(inherited) @executable_path/Frameworks @loader_path/Frameworks";
				PRODUCT_BUNDLE_IDENTIFIER = siweikang.TrippoUITests;
				PRODUCT_NAME = "$(TARGET_NAME)";
				TEST_TARGET_NAME = Trippo;
			};
			name = Release;
		};
		B36CB5351F8572A7004271F8 /* Debug */ = {
			isa = XCBuildConfiguration;
			buildSettings = {
				CODE_SIGN_ENTITLEMENTS = TrippoShare/TrippoShare.entitlements;
				DEVELOPMENT_TEAM = 822FCFLMN8;
				INFOPLIST_FILE = TrippoShare/Info.plist;
				LD_RUNPATH_SEARCH_PATHS = "$(inherited) @executable_path/Frameworks @executable_path/../../Frameworks";
				PRODUCT_BUNDLE_IDENTIFIER = siweikang.Trippo.TrippoShare;
				PRODUCT_NAME = "$(TARGET_NAME)";
				SKIP_INSTALL = YES;
			};
			name = Debug;
		};
		B36CB5361F8572A7004271F8 /* Release */ = {
			isa = XCBuildConfiguration;
			buildSettings = {
				CODE_SIGN_ENTITLEMENTS = TrippoShare/TrippoShare.entitlements;
				DEVELOPMENT_TEAM = 822FCFLMN8;
				INFOPLIST_FILE = TrippoShare/Info.plist;
				LD_RUNPATH_SEARCH_PATHS = "$(inherited) @executable_path/Frameworks @executable_path/../../Frameworks";
				PRODUCT_BUNDLE_IDENTIFIER = siweikang.Trippo.TrippoShare;
				PRODUCT_NAME = "$(TARGET_NAME)";
				SKIP_INSTALL = YES;
			};
			name = Release;
		};
/* End XCBuildConfiguration section */

/* Begin XCConfigurationList section */
		B36CB4E91F857296004271F8 /* Build configuration list for PBXProject "Trippo" */ = {
			isa = XCConfigurationList;
			buildConfigurations = (
				B36CB5191F857296004271F8 /* Debug */,
				B36CB51A1F857296004271F8 /* Release */,
			);
			defaultConfigurationIsVisible = 0;
			defaultConfigurationName = Release;
		};
		B36CB51B1F857296004271F8 /* Build configuration list for PBXNativeTarget "Trippo" */ = {
			isa = XCConfigurationList;
			buildConfigurations = (
				B36CB51C1F857296004271F8 /* Debug */,
				B36CB51D1F857296004271F8 /* Release */,
			);
			defaultConfigurationIsVisible = 0;
			defaultConfigurationName = Release;
		};
		B36CB51E1F857296004271F8 /* Build configuration list for PBXNativeTarget "TrippoTests" */ = {
			isa = XCConfigurationList;
			buildConfigurations = (
				B36CB51F1F857296004271F8 /* Debug */,
				B36CB5201F857296004271F8 /* Release */,
			);
			defaultConfigurationIsVisible = 0;
			defaultConfigurationName = Release;
		};
		B36CB5211F857296004271F8 /* Build configuration list for PBXNativeTarget "TrippoUITests" */ = {
			isa = XCConfigurationList;
			buildConfigurations = (
				B36CB5221F857296004271F8 /* Debug */,
				B36CB5231F857296004271F8 /* Release */,
			);
			defaultConfigurationIsVisible = 0;
			defaultConfigurationName = Release;
		};
		B36CB5341F8572A7004271F8 /* Build configuration list for PBXNativeTarget "TrippoShare" */ = {
			isa = XCConfigurationList;
			buildConfigurations = (
				B36CB5351F8572A7004271F8 /* Debug */,
				B36CB5361F8572A7004271F8 /* Release */,
			);
			defaultConfigurationIsVisible = 0;
			defaultConfigurationName = Release;
		};
/* End XCConfigurationList section */
	};
	rootObject = B36CB4E61F857296004271F8 /* Project object */;
}
